// !$*UTF8*$!
{
	archiveVersion = 1;
	classes = {
	};
	objectVersion = 56;
	objects = {

/* Begin PBXBuildFile section */
		0C087AFA2B65357400303717 /* ImageDownloaderClient.swift in Sources */ = {isa = PBXBuildFile; fileRef = 0C087AF92B65357400303717 /* ImageDownloaderClient.swift */; };
		0C087AFC2B65370B00303717 /* OzelImage.swift in Sources */ = {isa = PBXBuildFile; fileRef = 0C087AFB2B65370B00303717 /* OzelImage.swift */; };
		0C23CAD52B66B4D20027E28F /* FilmDetay.swift in Sources */ = {isa = PBXBuildFile; fileRef = 0C23CAD42B66B4D20027E28F /* FilmDetay.swift */; };
		0C23CAD72B66B9AE0027E28F /* FilmDetayViewModel.swift in Sources */ = {isa = PBXBuildFile; fileRef = 0C23CAD62B66B9AE0027E28F /* FilmDetayViewModel.swift */; };
		0C23CAD92B66BB470027E28F /* DetayView.swift in Sources */ = {isa = PBXBuildFile; fileRef = 0C23CAD82B66BB470027E28F /* DetayView.swift */; };
		0CBABEE12B21BC6C00FBA93E /* FilmAramaSwiftUIApp.swift in Sources */ = {isa = PBXBuildFile; fileRef = 0CBABEE02B21BC6C00FBA93E /* FilmAramaSwiftUIApp.swift */; };
		0CBABEE32B21BC6C00FBA93E /* FilmListeView.swift in Sources */ = {isa = PBXBuildFile; fileRef = 0CBABEE22B21BC6C00FBA93E /* FilmListeView.swift */; };
		0CBABEE52B21BC6D00FBA93E /* Assets.xcassets in Resources */ = {isa = PBXBuildFile; fileRef = 0CBABEE42B21BC6D00FBA93E /* Assets.xcassets */; };
		0CBABEE82B21BC6D00FBA93E /* Preview Assets.xcassets in Resources */ = {isa = PBXBuildFile; fileRef = 0CBABEE72B21BC6D00FBA93E /* Preview Assets.xcassets */; };
		0CBABEF32B21BEA100FBA93E /* Film.swift in Sources */ = {isa = PBXBuildFile; fileRef = 0CBABEF22B21BEA100FBA93E /* Film.swift */; };
		0CBABEF62B21C13A00FBA93E /* DowloaderClient.swift in Sources */ = {isa = PBXBuildFile; fileRef = 0CBABEF52B21C13A00FBA93E /* DowloaderClient.swift */; };
		0CE690FB2B65218500B0F35E /* FilmViewModel.swift in Sources */ = {isa = PBXBuildFile; fileRef = 0CE690FA2B65218500B0F35E /* FilmViewModel.swift */; };
/* End PBXBuildFile section */

/* Begin PBXFileReference section */
		0C087AF92B65357400303717 /* ImageDownloaderClient.swift */ = {isa = PBXFileReference; lastKnownFileType = sourcecode.swift; path = ImageDownloaderClient.swift; sourceTree = "<group>"; };
		0C087AFB2B65370B00303717 /* OzelImage.swift */ = {isa = PBXFileReference; lastKnownFileType = sourcecode.swift; path = OzelImage.swift; sourceTree = "<group>"; };
		0C23CAD42B66B4D20027E28F /* FilmDetay.swift */ = {isa = PBXFileReference; lastKnownFileType = sourcecode.swift; path = FilmDetay.swift; sourceTree = "<group>"; };
		0C23CAD62B66B9AE0027E28F /* FilmDetayViewModel.swift */ = {isa = PBXFileReference; lastKnownFileType = sourcecode.swift; path = FilmDetayViewModel.swift; sourceTree = "<group>"; };
		0C23CAD82B66BB470027E28F /* DetayView.swift */ = {isa = PBXFileReference; lastKnownFileType = sourcecode.swift; path = DetayView.swift; sourceTree = "<group>"; };
		0CBABEDD2B21BC6C00FBA93E /* SearchFilm.app */ = {isa = PBXFileReference; explicitFileType = wrapper.application; includeInIndex = 0; path = SearchFilm.app; sourceTree = BUILT_PRODUCTS_DIR; };
		0CBABEE02B21BC6C00FBA93E /* FilmAramaSwiftUIApp.swift */ = {isa = PBXFileReference; lastKnownFileType = sourcecode.swift; path = FilmAramaSwiftUIApp.swift; sourceTree = "<group>"; };
		0CBABEE22B21BC6C00FBA93E /* FilmListeView.swift */ = {isa = PBXFileReference; lastKnownFileType = sourcecode.swift; path = FilmListeView.swift; sourceTree = "<group>"; };
		0CBABEE42B21BC6D00FBA93E /* Assets.xcassets */ = {isa = PBXFileReference; lastKnownFileType = folder.assetcatalog; path = Assets.xcassets; sourceTree = "<group>"; };
		0CBABEE72B21BC6D00FBA93E /* Preview Assets.xcassets */ = {isa = PBXFileReference; lastKnownFileType = folder.assetcatalog; path = "Preview Assets.xcassets"; sourceTree = "<group>"; };
		0CBABEF22B21BEA100FBA93E /* Film.swift */ = {isa = PBXFileReference; lastKnownFileType = sourcecode.swift; path = Film.swift; sourceTree = "<group>"; };
		0CBABEF52B21C13A00FBA93E /* DowloaderClient.swift */ = {isa = PBXFileReference; lastKnownFileType = sourcecode.swift; path = DowloaderClient.swift; sourceTree = "<group>"; };
		0CE690FA2B65218500B0F35E /* FilmViewModel.swift */ = {isa = PBXFileReference; lastKnownFileType = sourcecode.swift; path = FilmViewModel.swift; sourceTree = "<group>"; };
/* End PBXFileReference section */

/* Begin PBXFrameworksBuildPhase section */
		0CBABEDA2B21BC6C00FBA93E /* Frameworks */ = {
			isa = PBXFrameworksBuildPhase;
			buildActionMask = 2147483647;
			files = (
			);
			runOnlyForDeploymentPostprocessing = 0;
		};
/* End PBXFrameworksBuildPhase section */

/* Begin PBXGroup section */
		0CBABED42B21BC6C00FBA93E = {
			isa = PBXGroup;
			children = (
				0CBABEDF2B21BC6C00FBA93E /* SearchFilm */,
				0CBABEDE2B21BC6C00FBA93E /* Products */,
			);
			sourceTree = "<group>";
		};
		0CBABEDE2B21BC6C00FBA93E /* Products */ = {
			isa = PBXGroup;
			children = (
				0CBABEDD2B21BC6C00FBA93E /* SearchFilm.app */,
			);
			name = Products;
			sourceTree = "<group>";
		};
		0CBABEDF2B21BC6C00FBA93E /* SearchFilm */ = {
			isa = PBXGroup;
			children = (
				0CBABEF12B21BE7B00FBA93E /* App */,
				0CBABEF42B21C12800FBA93E /* Service */,
				0CBABEEE2B21BE5C00FBA93E /* Model */,
				0CBABEEF2B21BE6500FBA93E /* View */,
				0CBABEF02B21BE6D00FBA93E /* ViewModel */,
				0CBABEE62B21BC6D00FBA93E /* Preview Content */,
			);
			path = SearchFilm;
			sourceTree = "<group>";
		};
		0CBABEE62B21BC6D00FBA93E /* Preview Content */ = {
			isa = PBXGroup;
			children = (
				0CBABEE42B21BC6D00FBA93E /* Assets.xcassets */,
				0CBABEE72B21BC6D00FBA93E /* Preview Assets.xcassets */,
			);
			path = "Preview Content";
			sourceTree = "<group>";
		};
		0CBABEEE2B21BE5C00FBA93E /* Model */ = {
			isa = PBXGroup;
			children = (
				0CBABEF22B21BEA100FBA93E /* Film.swift */,
				0C23CAD42B66B4D20027E28F /* FilmDetay.swift */,
			);
			path = Model;
			sourceTree = "<group>";
		};
		0CBABEEF2B21BE6500FBA93E /* View */ = {
			isa = PBXGroup;
			children = (
				0CBABEE22B21BC6C00FBA93E /* FilmListeView.swift */,
				0C087AFB2B65370B00303717 /* OzelImage.swift */,
				0C23CAD82B66BB470027E28F /* DetayView.swift */,
			);
			path = View;
			sourceTree = "<group>";
		};
		0CBABEF02B21BE6D00FBA93E /* ViewModel */ = {
			isa = PBXGroup;
			children = (
				0CE690FA2B65218500B0F35E /* FilmViewModel.swift */,
				0C23CAD62B66B9AE0027E28F /* FilmDetayViewModel.swift */,
			);
			path = ViewModel;
			sourceTree = "<group>";
		};
		0CBABEF12B21BE7B00FBA93E /* App */ = {
			isa = PBXGroup;
			children = (
				0CBABEE02B21BC6C00FBA93E /* FilmAramaSwiftUIApp.swift */,
			);
			path = App;
			sourceTree = "<group>";
		};
		0CBABEF42B21C12800FBA93E /* Service */ = {
			isa = PBXGroup;
			children = (
				0CBABEF52B21C13A00FBA93E /* DowloaderClient.swift */,
				0C087AF92B65357400303717 /* ImageDownloaderClient.swift */,
			);
			path = Service;
			sourceTree = "<group>";
		};
/* End PBXGroup section */

/* Begin PBXNativeTarget section */
		0CBABEDC2B21BC6C00FBA93E /* SearchFilm */ = {
			isa = PBXNativeTarget;
			buildConfigurationList = 0CBABEEB2B21BC6D00FBA93E /* Build configuration list for PBXNativeTarget "SearchFilm" */;
			buildPhases = (
				0CBABED92B21BC6C00FBA93E /* Sources */,
				0CBABEDA2B21BC6C00FBA93E /* Frameworks */,
				0CBABEDB2B21BC6C00FBA93E /* Resources */,
			);
			buildRules = (
			);
			dependencies = (
			);
			name = SearchFilm;
			productName = SearchFilm;
			productReference = 0CBABEDD2B21BC6C00FBA93E /* SearchFilm.app */;
			productType = "com.apple.product-type.application";
		};
/* End PBXNativeTarget section */

/* Begin PBXProject section */
		0CBABED52B21BC6C00FBA93E /* Project object */ = {
			isa = PBXProject;
			attributes = {
				BuildIndependentTargetsInParallel = 1;
				LastSwiftUpdateCheck = 1500;
				LastUpgradeCheck = 1500;
				TargetAttributes = {
					0CBABEDC2B21BC6C00FBA93E = {
						CreatedOnToolsVersion = 15.0;
					};
				};
			};
			buildConfigurationList = 0CBABED82B21BC6C00FBA93E /* Build configuration list for PBXProject "SearchFilm" */;
			compatibilityVersion = "Xcode 14.0";
			developmentRegion = en;
			hasScannedForEncodings = 0;
			knownRegions = (
				en,
				Base,
			);
			mainGroup = 0CBABED42B21BC6C00FBA93E;
			productRefGroup = 0CBABEDE2B21BC6C00FBA93E /* Products */;
			projectDirPath = "";
			projectRoot = "";
			targets = (
				0CBABEDC2B21BC6C00FBA93E /* SearchFilm */,
			);
		};
/* End PBXProject section */

/* Begin PBXResourcesBuildPhase section */
		0CBABEDB2B21BC6C00FBA93E /* Resources */ = {
			isa = PBXResourcesBuildPhase;
			buildActionMask = 2147483647;
			files = (
				0CBABEE82B21BC6D00FBA93E /* Preview Assets.xcassets in Resources */,
				0CBABEE52B21BC6D00FBA93E /* Assets.xcassets in Resources */,
			);
			runOnlyForDeploymentPostprocessing = 0;
		};
/* End PBXResourcesBuildPhase section */

/* Begin PBXSourcesBuildPhase section */
		0CBABED92B21BC6C00FBA93E /* Sources */ = {
			isa = PBXSourcesBuildPhase;
			buildActionMask = 2147483647;
			files = (
				0C23CAD92B66BB470027E28F /* DetayView.swift in Sources */,
				0CBABEF62B21C13A00FBA93E /* DowloaderClient.swift in Sources */,
				0C23CAD52B66B4D20027E28F /* FilmDetay.swift in Sources */,
				0CBABEE32B21BC6C00FBA93E /* FilmListeView.swift in Sources */,
				0C087AFC2B65370B00303717 /* OzelImage.swift in Sources */,
				0CE690FB2B65218500B0F35E /* FilmViewModel.swift in Sources */,
				0CBABEF32B21BEA100FBA93E /* Film.swift in Sources */,
				0CBABEE12B21BC6C00FBA93E /* FilmAramaSwiftUIApp.swift in Sources */,
				0C23CAD72B66B9AE0027E28F /* FilmDetayViewModel.swift in Sources */,
				0C087AFA2B65357400303717 /* ImageDownloaderClient.swift in Sources */,
			);
			runOnlyForDeploymentPostprocessing = 0;
		};
/* End PBXSourcesBuildPhase section */

/* Begin XCBuildConfiguration section */
		0CBABEE92B21BC6D00FBA93E /* Debug */ = {
			isa = XCBuildConfiguration;
			buildSettings = {
				ALWAYS_SEARCH_USER_PATHS = NO;
				ASSETCATALOG_COMPILER_GENERATE_SWIFT_ASSET_SYMBOL_EXTENSIONS = YES;
				CLANG_ANALYZER_NONNULL = YES;
				CLANG_ANALYZER_NUMBER_OBJECT_CONVERSION = YES_AGGRESSIVE;
				CLANG_CXX_LANGUAGE_STANDARD = "gnu++20";
				CLANG_ENABLE_MODULES = YES;
				CLANG_ENABLE_OBJC_ARC = YES;
				CLANG_ENABLE_OBJC_WEAK = YES;
				CLANG_WARN_BLOCK_CAPTURE_AUTORELEASING = YES;
				CLANG_WARN_BOOL_CONVERSION = YES;
				CLANG_WARN_COMMA = YES;
				CLANG_WARN_CONSTANT_CONVERSION = YES;
				CLANG_WARN_DEPRECATED_OBJC_IMPLEMENTATIONS = YES;
				CLANG_WARN_DIRECT_OBJC_ISA_USAGE = YES_ERROR;
				CLANG_WARN_DOCUMENTATION_COMMENTS = YES;
				CLANG_WARN_EMPTY_BODY = YES;
				CLANG_WARN_ENUM_CONVERSION = YES;
				CLANG_WARN_INFINITE_RECURSION = YES;
				CLANG_WARN_INT_CONVERSION = YES;
				CLANG_WARN_NON_LITERAL_NULL_CONVERSION = YES;
				CLANG_WARN_OBJC_IMPLICIT_RETAIN_SELF = YES;
				CLANG_WARN_OBJC_LITERAL_CONVERSION = YES;
				CLANG_WARN_OBJC_ROOT_CLASS = YES_ERROR;
				CLANG_WARN_QUOTED_INCLUDE_IN_FRAMEWORK_HEADER = YES;
				CLANG_WARN_RANGE_LOOP_ANALYSIS = YES;
				CLANG_WARN_STRICT_PROTOTYPES = YES;
				CLANG_WARN_SUSPICIOUS_MOVE = YES;
				CLANG_WARN_UNGUARDED_AVAILABILITY = YES_AGGRESSIVE;
				CLANG_WARN_UNREACHABLE_CODE = YES;
				CLANG_WARN__DUPLICATE_METHOD_MATCH = YES;
				COPY_PHASE_STRIP = NO;
				DEBUG_INFORMATION_FORMAT = dwarf;
				ENABLE_STRICT_OBJC_MSGSEND = YES;
				ENABLE_TESTABILITY = YES;
				ENABLE_USER_SCRIPT_SANDBOXING = YES;
				GCC_C_LANGUAGE_STANDARD = gnu17;
				GCC_DYNAMIC_NO_PIC = NO;
				GCC_NO_COMMON_BLOCKS = YES;
				GCC_OPTIMIZATION_LEVEL = 0;
				GCC_PREPROCESSOR_DEFINITIONS = (
					"DEBUG=1",
					"$(inherited)",
				);
				GCC_WARN_64_TO_32_BIT_CONVERSION = YES;
				GCC_WARN_ABOUT_RETURN_TYPE = YES_ERROR;
				GCC_WARN_UNDECLARED_SELECTOR = YES;
				GCC_WARN_UNINITIALIZED_AUTOS = YES_AGGRESSIVE;
				GCC_WARN_UNUSED_FUNCTION = YES;
				GCC_WARN_UNUSED_VARIABLE = YES;
				IPHONEOS_DEPLOYMENT_TARGET = 17.0;
				LOCALIZATION_PREFERS_STRING_CATALOGS = YES;
				MTL_ENABLE_DEBUG_INFO = INCLUDE_SOURCE;
				MTL_FAST_MATH = YES;
				ONLY_ACTIVE_ARCH = YES;
				SDKROOT = iphoneos;
				SWIFT_ACTIVE_COMPILATION_CONDITIONS = "DEBUG $(inherited)";
				SWIFT_OPTIMIZATION_LEVEL = "-Onone";
			};
			name = Debug;
		};
		0CBABEEA2B21BC6D00FBA93E /* Release */ = {
			isa = XCBuildConfiguration;
			buildSettings = {
				ALWAYS_SEARCH_USER_PATHS = NO;
				ASSETCATALOG_COMPILER_GENERATE_SWIFT_ASSET_SYMBOL_EXTENSIONS = YES;
				CLANG_ANALYZER_NONNULL = YES;
				CLANG_ANALYZER_NUMBER_OBJECT_CONVERSION = YES_AGGRESSIVE;
				CLANG_CXX_LANGUAGE_STANDARD = "gnu++20";
				CLANG_ENABLE_MODULES = YES;
				CLANG_ENABLE_OBJC_ARC = YES;
				CLANG_ENABLE_OBJC_WEAK = YES;
				CLANG_WARN_BLOCK_CAPTURE_AUTORELEASING = YES;
				CLANG_WARN_BOOL_CONVERSION = YES;
				CLANG_WARN_COMMA = YES;
				CLANG_WARN_CONSTANT_CONVERSION = YES;
				CLANG_WARN_DEPRECATED_OBJC_IMPLEMENTATIONS = YES;
				CLANG_WARN_DIRECT_OBJC_ISA_USAGE = YES_ERROR;
				CLANG_WARN_DOCUMENTATION_COMMENTS = YES;
				CLANG_WARN_EMPTY_BODY = YES;
				CLANG_WARN_ENUM_CONVERSION = YES;
				CLANG_WARN_INFINITE_RECURSION = YES;
				CLANG_WARN_INT_CONVERSION = YES;
				CLANG_WARN_NON_LITERAL_NULL_CONVERSION = YES;
				CLANG_WARN_OBJC_IMPLICIT_RETAIN_SELF = YES;
				CLANG_WARN_OBJC_LITERAL_CONVERSION = YES;
				CLANG_WARN_OBJC_ROOT_CLASS = YES_ERROR;
				CLANG_WARN_QUOTED_INCLUDE_IN_FRAMEWORK_HEADER = YES;
				CLANG_WARN_RANGE_LOOP_ANALYSIS = YES;
				CLANG_WARN_STRICT_PROTOTYPES = YES;
				CLANG_WARN_SUSPICIOUS_MOVE = YES;
				CLANG_WARN_UNGUARDED_AVAILABILITY = YES_AGGRESSIVE;
				CLANG_WARN_UNREACHABLE_CODE = YES;
				CLANG_WARN__DUPLICATE_METHOD_MATCH = YES;
				COPY_PHASE_STRIP = NO;
				DEBUG_INFORMATION_FORMAT = "dwarf-with-dsym";
				ENABLE_NS_ASSERTIONS = NO;
				ENABLE_STRICT_OBJC_MSGSEND = YES;
				ENABLE_USER_SCRIPT_SANDBOXING = YES;
				GCC_C_LANGUAGE_STANDARD = gnu17;
				GCC_NO_COMMON_BLOCKS = YES;
				GCC_WARN_64_TO_32_BIT_CONVERSION = YES;
				GCC_WARN_ABOUT_RETURN_TYPE = YES_ERROR;
				GCC_WARN_UNDECLARED_SELECTOR = YES;
				GCC_WARN_UNINITIALIZED_AUTOS = YES_AGGRESSIVE;
				GCC_WARN_UNUSED_FUNCTION = YES;
				GCC_WARN_UNUSED_VARIABLE = YES;
				IPHONEOS_DEPLOYMENT_TARGET = 17.0;
				LOCALIZATION_PREFERS_STRING_CATALOGS = YES;
				MTL_ENABLE_DEBUG_INFO = NO;
				MTL_FAST_MATH = YES;
				SDKROOT = iphoneos;
				SWIFT_COMPILATION_MODE = wholemodule;
				VALIDATE_PRODUCT = YES;
			};
			name = Release;
		};
		0CBABEEC2B21BC6D00FBA93E /* Debug */ = {
			isa = XCBuildConfiguration;
			buildSettings = {
				ASSETCATALOG_COMPILER_APPICON_NAME = AppIcon;
				ASSETCATALOG_COMPILER_GLOBAL_ACCENT_COLOR_NAME = AccentColor;
				CODE_SIGN_STYLE = Automatic;
				CURRENT_PROJECT_VERSION = 1;
				DEVELOPMENT_ASSET_PATHS = "\"SearchFilm/Preview Content\"";
				DEVELOPMENT_TEAM = 5LWT4BAF3Y;
				ENABLE_PREVIEWS = YES;
				GENERATE_INFOPLIST_FILE = YES;
				INFOPLIST_KEY_UIApplicationSceneManifest_Generation = YES;
				INFOPLIST_KEY_UIApplicationSupportsIndirectInputEvents = YES;
				INFOPLIST_KEY_UILaunchScreen_Generation = YES;
				INFOPLIST_KEY_UISupportedInterfaceOrientations_iPad = "UIInterfaceOrientationPortrait UIInterfaceOrientationPortraitUpsideDown UIInterfaceOrientationLandscapeLeft UIInterfaceOrientationLandscapeRight";
				INFOPLIST_KEY_UISupportedInterfaceOrientations_iPhone = "UIInterfaceOrientationPortrait UIInterfaceOrientationLandscapeLeft UIInterfaceOrientationLandscapeRight";
				LD_RUNPATH_SEARCH_PATHS = (
					"$(inherited)",
					"@executable_path/Frameworks",
				);
				MARKETING_VERSION = 1.0;
				PRODUCT_BUNDLE_IDENTIFIER = com.eminayhan.SearchFilm;
				PRODUCT_NAME = "$(TARGET_NAME)";
				SWIFT_EMIT_LOC_STRINGS = YES;
				SWIFT_VERSION = 5.0;
				TARGETED_DEVICE_FAMILY = "1,2";
			};
			name = Debug;
		};
		0CBABEED2B21BC6D00FBA93E /* Release */ = {
			isa = XCBuildConfiguration;
			buildSettings = {
				ASSETCATALOG_COMPILER_APPICON_NAME = AppIcon;
				ASSETCATALOG_COMPILER_GLOBAL_ACCENT_COLOR_NAME = AccentColor;
				CODE_SIGN_STYLE = Automatic;
				CURRENT_PROJECT_VERSION = 1;
				DEVELOPMENT_ASSET_PATHS = "\"SearchFilm/Preview Content\"";
				DEVELOPMENT_TEAM = 5LWT4BAF3Y;
				ENABLE_PREVIEWS = YES;
				GENERATE_INFOPLIST_FILE = YES;
				INFOPLIST_KEY_UIApplicationSceneManifest_Generation = YES;
				INFOPLIST_KEY_UIApplicationSupportsIndirectInputEvents = YES;
				INFOPLIST_KEY_UILaunchScreen_Generation = YES;
				INFOPLIST_KEY_UISupportedInterfaceOrientations_iPad = "UIInterfaceOrientationPortrait UIInterfaceOrientationPortraitUpsideDown UIInterfaceOrientationLandscapeLeft UIInterfaceOrientationLandscapeRight";
				INFOPLIST_KEY_UISupportedInterfaceOrientations_iPhone = "UIInterfaceOrientationPortrait UIInterfaceOrientationLandscapeLeft UIInterfaceOrientationLandscapeRight";
				LD_RUNPATH_SEARCH_PATHS = (
					"$(inherited)",
					"@executable_path/Frameworks",
				);
				MARKETING_VERSION = 1.0;
				PRODUCT_BUNDLE_IDENTIFIER = com.eminayhan.SearchFilm;
				PRODUCT_NAME = "$(TARGET_NAME)";
				SWIFT_EMIT_LOC_STRINGS = YES;
				SWIFT_VERSION = 5.0;
				TARGETED_DEVICE_FAMILY = "1,2";
			};
			name = Release;
		};
/* End XCBuildConfiguration section */

/* Begin XCConfigurationList section */
		0CBABED82B21BC6C00FBA93E /* Build configuration list for PBXProject "SearchFilm" */ = {
			isa = XCConfigurationList;
			buildConfigurations = (
				0CBABEE92B21BC6D00FBA93E /* Debug */,
				0CBABEEA2B21BC6D00FBA93E /* Release */,
			);
			defaultConfigurationIsVisible = 0;
			defaultConfigurationName = Release;
		};
		0CBABEEB2B21BC6D00FBA93E /* Build configuration list for PBXNativeTarget "SearchFilm" */ = {
			isa = XCConfigurationList;
			buildConfigurations = (
				0CBABEEC2B21BC6D00FBA93E /* Debug */,
				0CBABEED2B21BC6D00FBA93E /* Release */,
			);
			defaultConfigurationIsVisible = 0;
			defaultConfigurationName = Release;
		};
/* End XCConfigurationList section */
	};
	rootObject = 0CBABED52B21BC6C00FBA93E /* Project object */;
}
